
Microsoft Visual Studio Solution File, Format Version 12.00
# Visual Studio 15
VisualStudioVersion = 15.0.27130.2036
MinimumVisualStudioVersion = 10.0.40219.1
Project("{FAE04EC0-301F-11D3-BF4B-00C04F79EFBC}") = "QAworks.Test.Project", "QAworks.Test.Project\QAworks.Test.Project.csproj", "{AC3B8D6C-00A6-45BD-A375-B00DDA908D05}"
EndProject
Global
	GlobalSection(SolutionConfigurationPlatforms) = preSolution
		Debug|Any CPU = Debug|Any CPU
		Release|Any CPU = Release|Any CPU
	EndGlobalSection
	GlobalSection(ProjectConfigurationPlatforms) = postSolution
		{AC3B8D6C-00A6-45BD-A375-B00DDA908D05}.Debug|Any CPU.ActiveCfg = Debug|Any CPU
		{AC3B8D6C-00A6-45BD-A375-B00DDA908D05}.Debug|Any CPU.Build.0 = Debug|Any CPU
		{AC3B8D6C-00A6-45BD-A375-B00DDA908D05}.Release|Any CPU.ActiveCfg = Release|Any CPU
		{AC3B8D6C-00A6-45BD-A375-B00DDA908D05}.Release|Any CPU.Build.0 = Release|Any CPU
	EndGlobalSection
	GlobalSection(SolutionProperties) = preSolution
		HideSolutionNode = FALSE
	EndGlobalSection
	GlobalSection(ExtensibilityGlobals) = postSolution
		SolutionGuid = {0F1BC80C-12C2-4C2F-BD36-F5490CC829BE}
	EndGlobalSection
EndGlobal
